// !$*UTF8*$!
{
	archiveVersion = 1;
	classes = {
	};
	objectVersion = 46;
	objects = {

/* Begin PBXBuildFile section */
		25A1311C1980AC9200829B51 /* AppDelegate.swift in Sources */ = {isa = PBXBuildFile; fileRef = 25A1311B1980AC9200829B51 /* AppDelegate.swift */; };
		25A1311E1980AC9200829B51 /* MasterViewController.swift in Sources */ = {isa = PBXBuildFile; fileRef = 25A1311D1980AC9200829B51 /* MasterViewController.swift */; };
		25A131201980AC9200829B51 /* DetailViewController.swift in Sources */ = {isa = PBXBuildFile; fileRef = 25A1311F1980AC9200829B51 /* DetailViewController.swift */; };
		25A131231980AC9200829B51 /* Main.storyboard in Resources */ = {isa = PBXBuildFile; fileRef = 25A131211980AC9200829B51 /* Main.storyboard */; };
		25A131251980AC9200829B51 /* Images.xcassets in Resources */ = {isa = PBXBuildFile; fileRef = 25A131241980AC9200829B51 /* Images.xcassets */; };
		25A131311980AC9200829B51 /* NavStatusStyleTests.swift in Sources */ = {isa = PBXBuildFile; fileRef = 25A131301980AC9200829B51 /* NavStatusStyleTests.swift */; };
		25A1313B1980AD1C00829B51 /* UINavigation+StatusBar.swift in Sources */ = {isa = PBXBuildFile; fileRef = 25A1313A1980AD1C00829B51 /* UINavigation+StatusBar.swift */; };
/* End PBXBuildFile section */

/* Begin PBXContainerItemProxy section */
		25A1312B1980AC9200829B51 /* PBXContainerItemProxy */ = {
			isa = PBXContainerItemProxy;
			containerPortal = 25A1310E1980AC9100829B51 /* Project object */;
			proxyType = 1;
			remoteGlobalIDString = 25A131151980AC9100829B51;
			remoteInfo = NavStatusStyle;
		};
/* End PBXContainerItemProxy section */

/* Begin PBXFileReference section */
		25A131161980AC9200829B51 /* NavStatusStyle.app */ = {isa = PBXFileReference; explicitFileType = wrapper.application; includeInIndex = 0; path = NavStatusStyle.app; sourceTree = BUILT_PRODUCTS_DIR; };
		25A1311A1980AC9200829B51 /* Info.plist */ = {isa = PBXFileReference; lastKnownFileType = text.plist.xml; path = Info.plist; sourceTree = "<group>"; };
		25A1311B1980AC9200829B51 /* AppDelegate.swift */ = {isa = PBXFileReference; lastKnownFileType = sourcecode.swift; path = AppDelegate.swift; sourceTree = "<group>"; };
		25A1311D1980AC9200829B51 /* MasterViewController.swift */ = {isa = PBXFileReference; lastKnownFileType = sourcecode.swift; path = MasterViewController.swift; sourceTree = "<group>"; };
		25A1311F1980AC9200829B51 /* DetailViewController.swift */ = {isa = PBXFileReference; lastKnownFileType = sourcecode.swift; path = DetailViewController.swift; sourceTree = "<group>"; };
		25A131221980AC9200829B51 /* Base */ = {isa = PBXFileReference; lastKnownFileType = file.storyboard; name = Base; path = Base.lproj/Main.storyboard; sourceTree = "<group>"; };
		25A131241980AC9200829B51 /* Images.xcassets */ = {isa = PBXFileReference; lastKnownFileType = folder.assetcatalog; path = Images.xcassets; sourceTree = "<group>"; };
		25A1312A1980AC9200829B51 /* NavStatusStyleTests.xctest */ = {isa = PBXFileReference; explicitFileType = wrapper.cfbundle; includeInIndex = 0; path = NavStatusStyleTests.xctest; sourceTree = BUILT_PRODUCTS_DIR; };
		25A1312F1980AC9200829B51 /* Info.plist */ = {isa = PBXFileReference; lastKnownFileType = text.plist.xml; path = Info.plist; sourceTree = "<group>"; };
		25A131301980AC9200829B51 /* NavStatusStyleTests.swift */ = {isa = PBXFileReference; lastKnownFileType = sourcecode.swift; path = NavStatusStyleTests.swift; sourceTree = "<group>"; };
		25A1313A1980AD1C00829B51 /* UINavigation+StatusBar.swift */ = {isa = PBXFileReference; fileEncoding = 4; lastKnownFileType = sourcecode.swift; path = "UINavigation+StatusBar.swift"; sourceTree = "<group>"; };
/* End PBXFileReference section */

/* Begin PBXFrameworksBuildPhase section */
		25A131131980AC9100829B51 /* Frameworks */ = {
			isa = PBXFrameworksBuildPhase;
			buildActionMask = 2147483647;
			files = (
			);
			runOnlyForDeploymentPostprocessing = 0;
		};
		25A131271980AC9200829B51 /* Frameworks */ = {
			isa = PBXFrameworksBuildPhase;
			buildActionMask = 2147483647;
			files = (
			);
			runOnlyForDeploymentPostprocessing = 0;
		};
/* End PBXFrameworksBuildPhase section */

/* Begin PBXGroup section */
		25A1310D1980AC9100829B51 = {
			isa = PBXGroup;
			children = (
				25A131181980AC9200829B51 /* NavStatusStyle */,
				25A1312D1980AC9200829B51 /* NavStatusStyleTests */,
				25A131171980AC9200829B51 /* Products */,
			);
			sourceTree = "<group>";
		};
		25A131171980AC9200829B51 /* Products */ = {
			isa = PBXGroup;
			children = (
				25A131161980AC9200829B51 /* NavStatusStyle.app */,
				25A1312A1980AC9200829B51 /* NavStatusStyleTests.xctest */,
			);
			name = Products;
			sourceTree = "<group>";
		};
		25A131181980AC9200829B51 /* NavStatusStyle */ = {
			isa = PBXGroup;
			children = (
				25A1311B1980AC9200829B51 /* AppDelegate.swift */,
				25A1311D1980AC9200829B51 /* MasterViewController.swift */,
				25A1313A1980AD1C00829B51 /* UINavigation+StatusBar.swift */,
				25A1311F1980AC9200829B51 /* DetailViewController.swift */,
				25A131211980AC9200829B51 /* Main.storyboard */,
				25A131241980AC9200829B51 /* Images.xcassets */,
				25A131191980AC9200829B51 /* Supporting Files */,
			);
			path = NavStatusStyle;
			sourceTree = "<group>";
		};
		25A131191980AC9200829B51 /* Supporting Files */ = {
			isa = PBXGroup;
			children = (
				25A1311A1980AC9200829B51 /* Info.plist */,
			);
			name = "Supporting Files";
			sourceTree = "<group>";
		};
		25A1312D1980AC9200829B51 /* NavStatusStyleTests */ = {
			isa = PBXGroup;
			children = (
				25A131301980AC9200829B51 /* NavStatusStyleTests.swift */,
				25A1312E1980AC9200829B51 /* Supporting Files */,
			);
			path = NavStatusStyleTests;
			sourceTree = "<group>";
		};
		25A1312E1980AC9200829B51 /* Supporting Files */ = {
			isa = PBXGroup;
			children = (
				25A1312F1980AC9200829B51 /* Info.plist */,
			);
			name = "Supporting Files";
			sourceTree = "<group>";
		};
/* End PBXGroup section */

/* Begin PBXNativeTarget section */
		25A131151980AC9100829B51 /* NavStatusStyle */ = {
			isa = PBXNativeTarget;
			buildConfigurationList = 25A131341980AC9200829B51 /* Build configuration list for PBXNativeTarget "NavStatusStyle" */;
			buildPhases = (
				25A131121980AC9100829B51 /* Sources */,
				25A131131980AC9100829B51 /* Frameworks */,
				25A131141980AC9100829B51 /* Resources */,
			);
			buildRules = (
			);
			dependencies = (
			);
			name = NavStatusStyle;
			productName = NavStatusStyle;
			productReference = 25A131161980AC9200829B51 /* NavStatusStyle.app */;
			productType = "com.apple.product-type.application";
		};
		25A131291980AC9200829B51 /* NavStatusStyleTests */ = {
			isa = PBXNativeTarget;
			buildConfigurationList = 25A131371980AC9200829B51 /* Build configuration list for PBXNativeTarget "NavStatusStyleTests" */;
			buildPhases = (
				25A131261980AC9200829B51 /* Sources */,
				25A131271980AC9200829B51 /* Frameworks */,
				25A131281980AC9200829B51 /* Resources */,
			);
			buildRules = (
			);
			dependencies = (
				25A1312C1980AC9200829B51 /* PBXTargetDependency */,
			);
			name = NavStatusStyleTests;
			productName = NavStatusStyleTests;
			productReference = 25A1312A1980AC9200829B51 /* NavStatusStyleTests.xctest */;
			productType = "com.apple.product-type.bundle.unit-test";
		};
/* End PBXNativeTarget section */

/* Begin PBXProject section */
		25A1310E1980AC9100829B51 /* Project object */ = {
			isa = PBXProject;
			attributes = {
				LastUpgradeCheck = 0600;
				ORGANIZATIONNAME = ElitechMedia;
				TargetAttributes = {
					25A131151980AC9100829B51 = {
						CreatedOnToolsVersion = 6.0;
					};
					25A131291980AC9200829B51 = {
						CreatedOnToolsVersion = 6.0;
						TestTargetID = 25A131151980AC9100829B51;
					};
				};
			};
			buildConfigurationList = 25A131111980AC9100829B51 /* Build configuration list for PBXProject "NavStatusStyle" */;
			compatibilityVersion = "Xcode 3.2";
			developmentRegion = English;
			hasScannedForEncodings = 0;
			knownRegions = (
				en,
				Base,
			);
			mainGroup = 25A1310D1980AC9100829B51;
			productRefGroup = 25A131171980AC9200829B51 /* Products */;
			projectDirPath = "";
			projectRoot = "";
			targets = (
				25A131151980AC9100829B51 /* NavStatusStyle */,
				25A131291980AC9200829B51 /* NavStatusStyleTests */,
			);
		};
/* End PBXProject section */

/* Begin PBXResourcesBuildPhase section */
		25A131141980AC9100829B51 /* Resources */ = {
			isa = PBXResourcesBuildPhase;
			buildActionMask = 2147483647;
			files = (
				25A131231980AC9200829B51 /* Main.storyboard in Resources */,
				25A131251980AC9200829B51 /* Images.xcassets in Resources */,
			);
			runOnlyForDeploymentPostprocessing = 0;
		};
		25A131281980AC9200829B51 /* Resources */ = {
			isa = PBXResourcesBuildPhase;
			buildActionMask = 2147483647;
			files = (
			);
			runOnlyForDeploymentPostprocessing = 0;
		};
/* End PBXResourcesBuildPhase section */

/* Begin PBXSourcesBuildPhase section */
		25A131121980AC9100829B51 /* Sources */ = {
			isa = PBXSourcesBuildPhase;
			buildActionMask = 2147483647;
			files = (
				25A131201980AC9200829B51 /* DetailViewController.swift in Sources */,
				25A1313B1980AD1C00829B51 /* UINavigation+StatusBar.swift in Sources */,
				25A1311E1980AC9200829B51 /* MasterViewController.swift in Sources */,
				25A1311C1980AC9200829B51 /* AppDelegate.swift in Sources */,
			);
			runOnlyForDeploymentPostprocessing = 0;
		};
		25A131261980AC9200829B51 /* Sources */ = {
			isa = PBXSourcesBuildPhase;
			buildActionMask = 2147483647;
			files = (
				25A131311980AC9200829B51 /* NavStatusStyleTests.swift in Sources */,
			);
			runOnlyForDeploymentPostprocessing = 0;
		};
/* End PBXSourcesBuildPhase section */

/* Begin PBXTargetDependency section */
		25A1312C1980AC9200829B51 /* PBXTargetDependency */ = {
			isa = PBXTargetDependency;
			target = 25A131151980AC9100829B51 /* NavStatusStyle */;
			targetProxy = 25A1312B1980AC9200829B51 /* PBXContainerItemProxy */;
		};
/* End PBXTargetDependency section */

/* Begin PBXVariantGroup section */
		25A131211980AC9200829B51 /* Main.storyboard */ = {
			isa = PBXVariantGroup;
			children = (
				25A131221980AC9200829B51 /* Base */,
			);
			name = Main.storyboard;
			sourceTree = "<group>";
		};
/* End PBXVariantGroup section */

/* Begin XCBuildConfiguration section */
		25A131321980AC9200829B51 /* Debug */ = {
			isa = XCBuildConfiguration;
			buildSettings = {
				ALWAYS_SEARCH_USER_PATHS = NO;
				CLANG_CXX_LANGUAGE_STANDARD = "gnu++0x";
				CLANG_CXX_LIBRARY = "libc++";
				CLANG_ENABLE_MODULES = YES;
				CLANG_ENABLE_OBJC_ARC = YES;
				CLANG_WARN_BOOL_CONVERSION = YES;
				CLANG_WARN_CONSTANT_CONVERSION = YES;
				CLANG_WARN_DIRECT_OBJC_ISA_USAGE = YES_ERROR;
				CLANG_WARN_EMPTY_BODY = YES;
				CLANG_WARN_ENUM_CONVERSION = YES;
				CLANG_WARN_INT_CONVERSION = YES;
				CLANG_WARN_OBJC_ROOT_CLASS = YES_ERROR;
				CLANG_WARN_UNREACHABLE_CODE = YES;
				CLANG_WARN__DUPLICATE_METHOD_MATCH = YES;
				"CODE_SIGN_IDENTITY[sdk=iphoneos*]" = "iPhone Developer";
				COPY_PHASE_STRIP = NO;
				ENABLE_STRICT_OBJC_MSGSEND = YES;
				GCC_C_LANGUAGE_STANDARD = gnu99;
				GCC_DYNAMIC_NO_PIC = NO;
				GCC_OPTIMIZATION_LEVEL = 0;
				GCC_PREPROCESSOR_DEFINITIONS = (
					"DEBUG=1",
					"$(inherited)",
				);
				GCC_SYMBOLS_PRIVATE_EXTERN = NO;
				GCC_WARN_64_TO_32_BIT_CONVERSION = YES;
				GCC_WARN_ABOUT_RETURN_TYPE = YES_ERROR;
				GCC_WARN_UNDECLARED_SELECTOR = YES;
				GCC_WARN_UNINITIALIZED_AUTOS = YES_AGGRESSIVE;
				GCC_WARN_UNUSED_FUNCTION = YES;
				GCC_WARN_UNUSED_VARIABLE = YES;
				IPHONEOS_DEPLOYMENT_TARGET = 8.0;
				MTL_ENABLE_DEBUG_INFO = YES;
				ONLY_ACTIVE_ARCH = YES;
				SDKROOT = iphoneos;
				SWIFT_OPTIMIZATION_LEVEL = "-Onone";
			};
			name = Debug;
		};
		25A131331980AC9200829B51 /* Release */ = {
			isa = XCBuildConfiguration;
			buildSettings = {
				ALWAYS_SEARCH_USER_PATHS = NO;
				CLANG_CXX_LANGUAGE_STANDARD = "gnu++0x";
				CLANG_CXX_LIBRARY = "libc++";
				CLANG_ENABLE_MODULES = YES;
				CLANG_ENABLE_OBJC_ARC = YES;
				CLANG_WARN_BOOL_CONVERSION = YES;
				CLANG_WARN_CONSTANT_CONVERSION = YES;
				CLANG_WARN_DIRECT_OBJC_ISA_USAGE = YES_ERROR;
				CLANG_WARN_EMPTY_BODY = YES;
				CLANG_WARN_ENUM_CONVERSION = YES;
				CLANG_WARN_INT_CONVERSION = YES;
				CLANG_WARN_OBJC_ROOT_CLASS = YES_ERROR;
				CLANG_WARN_UNREACHABLE_CODE = YES;
				CLANG_WARN__DUPLICATE_METHOD_MATCH = YES;
				"CODE_SIGN_IDENTITY[sdk=iphoneos*]" = "iPhone Developer";
				COPY_PHASE_STRIP = YES;
				ENABLE_NS_ASSERTIONS = NO;
				ENABLE_STRICT_OBJC_MSGSEND = YES;
				GCC_C_LANGUAGE_STANDARD = gnu99;
				GCC_WARN_64_TO_32_BIT_CONVERSION = YES;
				GCC_WARN_ABOUT_RETURN_TYPE = YES_ERROR;
				GCC_WARN_UNDECLARED_SELECTOR = YES;
				GCC_WARN_UNINITIALIZED_AUTOS = YES_AGGRESSIVE;
				GCC_WARN_UNUSED_FUNCTION = YES;
				GCC_WARN_UNUSED_VARIABLE = YES;
				IPHONEOS_DEPLOYMENT_TARGET = 8.0;
				MTL_ENABLE_DEBUG_INFO = NO;
				SDKROOT = iphoneos;
				VALIDATE_PRODUCT = YES;
			};
			name = Release;
		};
		25A131351980AC9200829B51 /* Debug */ = {
			isa = XCBuildConfiguration;
			buildSettings = {
				ASSETCATALOG_COMPILER_APPICON_NAME = AppIcon;
				ASSETCATALOG_COMPILER_LAUNCHIMAGE_NAME = LaunchImage;
				INFOPLIST_FILE = NavStatusStyle/Info.plist;
				LD_RUNPATH_SEARCH_PATHS = "$(inherited) @executable_path/Frameworks";
				PRODUCT_NAME = "$(TARGET_NAME)";
			};
			name = Debug;
		};
		25A131361980AC9200829B51 /* Release */ = {
			isa = XCBuildConfiguration;
			buildSettings = {
				ASSETCATALOG_COMPILER_APPICON_NAME = AppIcon;
				ASSETCATALOG_COMPILER_LAUNCHIMAGE_NAME = LaunchImage;
				INFOPLIST_FILE = NavStatusStyle/Info.plist;
				LD_RUNPATH_SEARCH_PATHS = "$(inherited) @executable_path/Frameworks";
				PRODUCT_NAME = "$(TARGET_NAME)";
			};
			name = Release;
		};
		25A131381980AC9200829B51 /* Debug */ = {
			isa = XCBuildConfiguration;
			buildSettings = {
				BUNDLE_LOADER = "$(BUILT_PRODUCTS_DIR)/NavStatusStyle.app/NavStatusStyle";
				FRAMEWORK_SEARCH_PATHS = (
					"$(SDKROOT)/Developer/Library/Frameworks",
					"$(inherited)",
				);
				GCC_PREPROCESSOR_DEFINITIONS = (
					"DEBUG=1",
					"$(inherited)",
				);
				INFOPLIST_FILE = NavStatusStyleTests/Info.plist;
				LD_RUNPATH_SEARCH_PATHS = "$(inherited) @executable_path/Frameworks @loader_path/Frameworks";
				PRODUCT_NAME = "$(TARGET_NAME)";
				TEST_HOST = "$(BUNDLE_LOADER)";
			};
			name = Debug;
		};
		25A131391980AC9200829B51 /* Release */ = {
			isa = XCBuildConfiguration;
			buildSettings = {
				BUNDLE_LOADER = "$(BUILT_PRODUCTS_DIR)/NavStatusStyle.app/NavStatusStyle";
				FRAMEWORK_SEARCH_PATHS = (
					"$(SDKROOT)/Developer/Library/Frameworks",
					"$(inherited)",
				);
				INFOPLIST_FILE = NavStatusStyleTests/Info.plist;
				LD_RUNPATH_SEARCH_PATHS = "$(inherited) @executable_path/Frameworks @loader_path/Frameworks";
				PRODUCT_NAME = "$(TARGET_NAME)";
				TEST_HOST = "$(BUNDLE_LOADER)";
			};
			name = Release;
		};
/* End XCBuildConfiguration section */

/* Begin XCConfigurationList section */
		25A131111980AC9100829B51 /* Build configuration list for PBXProject "NavStatusStyle" */ = {
			isa = XCConfigurationList;
			buildConfigurations = (
				25A131321980AC9200829B51 /* Debug */,
				25A131331980AC9200829B51 /* Release */,
			);
			defaultConfigurationIsVisible = 0;
			defaultConfigurationName = Release;
		};
		25A131341980AC9200829B51 /* Build configuration list for PBXNativeTarget "NavStatusStyle" */ = {
			isa = XCConfigurationList;
			buildConfigurations = (
				25A131351980AC9200829B51 /* Debug */,
				25A131361980AC9200829B51 /* Release */,
			);
			defaultConfigurationIsVisible = 0;
		};
		25A131371980AC9200829B51 /* Build configuration list for PBXNativeTarget "NavStatusStyleTests" */ = {
			isa = XCConfigurationList;
			buildConfigurations = (
				25A131381980AC9200829B51 /* Debug */,
				25A131391980AC9200829B51 /* Release */,
			);
			defaultConfigurationIsVisible = 0;
		};
/* End XCConfigurationList section */
	};
	rootObject = 25A1310E1980AC9100829B51 /* Project object */;
}
