// !$*UTF8*$!
{
	archiveVersion = 1;
	classes = {
	};
	objectVersion = 46;
	objects = {

/* Begin PBXBuildFile section */
		257564E214BBDCE300DA61E6 /* UIKit.framework in Frameworks */ = {isa = PBXBuildFile; fileRef = 257564E114BBDCE300DA61E6 /* UIKit.framework */; };
		257564E414BBDCE300DA61E6 /* Foundation.framework in Frameworks */ = {isa = PBXBuildFile; fileRef = 257564E314BBDCE300DA61E6 /* Foundation.framework */; };
		257564E614BBDCE300DA61E6 /* CoreGraphics.framework in Frameworks */ = {isa = PBXBuildFile; fileRef = 257564E514BBDCE300DA61E6 /* CoreGraphics.framework */; };
		257564EC14BBDCE300DA61E6 /* InfoPlist.strings in Resources */ = {isa = PBXBuildFile; fileRef = 257564EA14BBDCE300DA61E6 /* InfoPlist.strings */; };
		257564EE14BBDCE300DA61E6 /* main.m in Sources */ = {isa = PBXBuildFile; fileRef = 257564ED14BBDCE300DA61E6 /* main.m */; };
		257564F214BBDCE300DA61E6 /* AppDelegate.m in Sources */ = {isa = PBXBuildFile; fileRef = 257564F114BBDCE300DA61E6 /* AppDelegate.m */; };
		257564F514BBDCE300DA61E6 /* MainStoryboard.storyboard in Resources */ = {isa = PBXBuildFile; fileRef = 257564F314BBDCE300DA61E6 /* MainStoryboard.storyboard */; };
		257564F814BBDCE300DA61E6 /* ViewController.m in Sources */ = {isa = PBXBuildFile; fileRef = 257564F714BBDCE300DA61E6 /* ViewController.m */; };
		257564FF14BBDDA200DA61E6 /* PTSans.ttc in Resources */ = {isa = PBXBuildFile; fileRef = 257564FE14BBDDA200DA61E6 /* PTSans.ttc */; };
/* End PBXBuildFile section */

/* Begin PBXFileReference section */
		257564DD14BBDCE300DA61E6 /* iPhoneCustomFont.app */ = {isa = PBXFileReference; explicitFileType = wrapper.application; includeInIndex = 0; path = iPhoneCustomFont.app; sourceTree = BUILT_PRODUCTS_DIR; };
		257564E114BBDCE300DA61E6 /* UIKit.framework */ = {isa = PBXFileReference; lastKnownFileType = wrapper.framework; name = UIKit.framework; path = System/Library/Frameworks/UIKit.framework; sourceTree = SDKROOT; };
		257564E314BBDCE300DA61E6 /* Foundation.framework */ = {isa = PBXFileReference; lastKnownFileType = wrapper.framework; name = Foundation.framework; path = System/Library/Frameworks/Foundation.framework; sourceTree = SDKROOT; };
		257564E514BBDCE300DA61E6 /* CoreGraphics.framework */ = {isa = PBXFileReference; lastKnownFileType = wrapper.framework; name = CoreGraphics.framework; path = System/Library/Frameworks/CoreGraphics.framework; sourceTree = SDKROOT; };
		257564E914BBDCE300DA61E6 /* iPhoneCustomFont-Info.plist */ = {isa = PBXFileReference; lastKnownFileType = text.plist.xml; path = "iPhoneCustomFont-Info.plist"; sourceTree = "<group>"; };
		257564EB14BBDCE300DA61E6 /* en */ = {isa = PBXFileReference; lastKnownFileType = text.plist.strings; name = en; path = en.lproj/InfoPlist.strings; sourceTree = "<group>"; };
		257564ED14BBDCE300DA61E6 /* main.m */ = {isa = PBXFileReference; lastKnownFileType = sourcecode.c.objc; path = main.m; sourceTree = "<group>"; };
		257564EF14BBDCE300DA61E6 /* iPhoneCustomFont-Prefix.pch */ = {isa = PBXFileReference; lastKnownFileType = sourcecode.c.h; path = "iPhoneCustomFont-Prefix.pch"; sourceTree = "<group>"; };
		257564F014BBDCE300DA61E6 /* AppDelegate.h */ = {isa = PBXFileReference; lastKnownFileType = sourcecode.c.h; path = AppDelegate.h; sourceTree = "<group>"; };
		257564F114BBDCE300DA61E6 /* AppDelegate.m */ = {isa = PBXFileReference; lastKnownFileType = sourcecode.c.objc; path = AppDelegate.m; sourceTree = "<group>"; };
		257564F414BBDCE300DA61E6 /* en */ = {isa = PBXFileReference; lastKnownFileType = file.storyboard; name = en; path = en.lproj/MainStoryboard.storyboard; sourceTree = "<group>"; };
		257564F614BBDCE300DA61E6 /* ViewController.h */ = {isa = PBXFileReference; lastKnownFileType = sourcecode.c.h; path = ViewController.h; sourceTree = "<group>"; };
		257564F714BBDCE300DA61E6 /* ViewController.m */ = {isa = PBXFileReference; lastKnownFileType = sourcecode.c.objc; path = ViewController.m; sourceTree = "<group>"; };
		257564FE14BBDDA200DA61E6 /* PTSans.ttc */ = {isa = PBXFileReference; lastKnownFileType = file; path = PTSans.ttc; sourceTree = "<group>"; };
/* End PBXFileReference section */

/* Begin PBXFrameworksBuildPhase section */
		257564DA14BBDCE300DA61E6 /* Frameworks */ = {
			isa = PBXFrameworksBuildPhase;
			buildActionMask = 2147483647;
			files = (
				257564E214BBDCE300DA61E6 /* UIKit.framework in Frameworks */,
				257564E414BBDCE300DA61E6 /* Foundation.framework in Frameworks */,
				257564E614BBDCE300DA61E6 /* CoreGraphics.framework in Frameworks */,
			);
			runOnlyForDeploymentPostprocessing = 0;
		};
/* End PBXFrameworksBuildPhase section */

/* Begin PBXGroup section */
		257564D214BBDCE300DA61E6 = {
			isa = PBXGroup;
			children = (
				257564E714BBDCE300DA61E6 /* iPhoneCustomFont */,
				257564E014BBDCE300DA61E6 /* Frameworks */,
				257564DE14BBDCE300DA61E6 /* Products */,
			);
			sourceTree = "<group>";
		};
		257564DE14BBDCE300DA61E6 /* Products */ = {
			isa = PBXGroup;
			children = (
				257564DD14BBDCE300DA61E6 /* iPhoneCustomFont.app */,
			);
			name = Products;
			sourceTree = "<group>";
		};
		257564E014BBDCE300DA61E6 /* Frameworks */ = {
			isa = PBXGroup;
			children = (
				257564E114BBDCE300DA61E6 /* UIKit.framework */,
				257564E314BBDCE300DA61E6 /* Foundation.framework */,
				257564E514BBDCE300DA61E6 /* CoreGraphics.framework */,
			);
			name = Frameworks;
			sourceTree = "<group>";
		};
		257564E714BBDCE300DA61E6 /* iPhoneCustomFont */ = {
			isa = PBXGroup;
			children = (
				257564F014BBDCE300DA61E6 /* AppDelegate.h */,
				257564F114BBDCE300DA61E6 /* AppDelegate.m */,
				257564F314BBDCE300DA61E6 /* MainStoryboard.storyboard */,
				257564F614BBDCE300DA61E6 /* ViewController.h */,
				257564F714BBDCE300DA61E6 /* ViewController.m */,
				257564FE14BBDDA200DA61E6 /* PTSans.ttc */,
				257564E814BBDCE300DA61E6 /* Supporting Files */,
			);
			path = iPhoneCustomFont;
			sourceTree = "<group>";
		};
		257564E814BBDCE300DA61E6 /* Supporting Files */ = {
			isa = PBXGroup;
			children = (
				257564E914BBDCE300DA61E6 /* iPhoneCustomFont-Info.plist */,
				257564EA14BBDCE300DA61E6 /* InfoPlist.strings */,
				257564ED14BBDCE300DA61E6 /* main.m */,
				257564EF14BBDCE300DA61E6 /* iPhoneCustomFont-Prefix.pch */,
			);
			name = "Supporting Files";
			sourceTree = "<group>";
		};
/* End PBXGroup section */

/* Begin PBXNativeTarget section */
		257564DC14BBDCE300DA61E6 /* iPhoneCustomFont */ = {
			isa = PBXNativeTarget;
			buildConfigurationList = 257564FB14BBDCE300DA61E6 /* Build configuration list for PBXNativeTarget "iPhoneCustomFont" */;
			buildPhases = (
				257564D914BBDCE300DA61E6 /* Sources */,
				257564DA14BBDCE300DA61E6 /* Frameworks */,
				257564DB14BBDCE300DA61E6 /* Resources */,
			);
			buildRules = (
			);
			dependencies = (
			);
			name = iPhoneCustomFont;
			productName = iPhoneCustomFont;
			productReference = 257564DD14BBDCE300DA61E6 /* iPhoneCustomFont.app */;
			productType = "com.apple.product-type.application";
		};
/* End PBXNativeTarget section */

/* Begin PBXProject section */
		257564D414BBDCE300DA61E6 /* Project object */ = {
			isa = PBXProject;
			attributes = {
				LastUpgradeCheck = 0420;
				ORGANIZATIONNAME = Home;
			};
			buildConfigurationList = 257564D714BBDCE300DA61E6 /* Build configuration list for PBXProject "iPhoneCustomFont" */;
			compatibilityVersion = "Xcode 3.2";
			developmentRegion = English;
			hasScannedForEncodings = 0;
			knownRegions = (
				en,
			);
			mainGroup = 257564D214BBDCE300DA61E6;
			productRefGroup = 257564DE14BBDCE300DA61E6 /* Products */;
			projectDirPath = "";
			projectRoot = "";
			targets = (
				257564DC14BBDCE300DA61E6 /* iPhoneCustomFont */,
			);
		};
/* End PBXProject section */

/* Begin PBXResourcesBuildPhase section */
		257564DB14BBDCE300DA61E6 /* Resources */ = {
			isa = PBXResourcesBuildPhase;
			buildActionMask = 2147483647;
			files = (
				257564EC14BBDCE300DA61E6 /* InfoPlist.strings in Resources */,
				257564F514BBDCE300DA61E6 /* MainStoryboard.storyboard in Resources */,
				257564FF14BBDDA200DA61E6 /* PTSans.ttc in Resources */,
			);
			runOnlyForDeploymentPostprocessing = 0;
		};
/* End PBXResourcesBuildPhase section */

/* Begin PBXSourcesBuildPhase section */
		257564D914BBDCE300DA61E6 /* Sources */ = {
			isa = PBXSourcesBuildPhase;
			buildActionMask = 2147483647;
			files = (
				257564EE14BBDCE300DA61E6 /* main.m in Sources */,
				257564F214BBDCE300DA61E6 /* AppDelegate.m in Sources */,
				257564F814BBDCE300DA61E6 /* ViewController.m in Sources */,
			);
			runOnlyForDeploymentPostprocessing = 0;
		};
/* End PBXSourcesBuildPhase section */

/* Begin PBXVariantGroup section */
		257564EA14BBDCE300DA61E6 /* InfoPlist.strings */ = {
			isa = PBXVariantGroup;
			children = (
				257564EB14BBDCE300DA61E6 /* en */,
			);
			name = InfoPlist.strings;
			sourceTree = "<group>";
		};
		257564F314BBDCE300DA61E6 /* MainStoryboard.storyboard */ = {
			isa = PBXVariantGroup;
			children = (
				257564F414BBDCE300DA61E6 /* en */,
			);
			name = MainStoryboard.storyboard;
			sourceTree = "<group>";
		};
/* End PBXVariantGroup section */

/* Begin XCBuildConfiguration section */
		257564F914BBDCE300DA61E6 /* Debug */ = {
			isa = XCBuildConfiguration;
			buildSettings = {
				ALWAYS_SEARCH_USER_PATHS = NO;
				ARCHS = "$(ARCHS_STANDARD_32_BIT)";
				CLANG_ENABLE_OBJC_ARC = YES;
				"CODE_SIGN_IDENTITY[sdk=iphoneos*]" = "iPhone Developer";
				COPY_PHASE_STRIP = NO;
				GCC_C_LANGUAGE_STANDARD = gnu99;
				GCC_DYNAMIC_NO_PIC = NO;
				GCC_OPTIMIZATION_LEVEL = 0;
				GCC_PREPROCESSOR_DEFINITIONS = (
					"DEBUG=1",
					"$(inherited)",
				);
				GCC_SYMBOLS_PRIVATE_EXTERN = NO;
				GCC_VERSION = com.apple.compilers.llvm.clang.1_0;
				GCC_WARN_ABOUT_MISSING_PROTOTYPES = YES;
				GCC_WARN_ABOUT_RETURN_TYPE = YES;
				GCC_WARN_UNUSED_VARIABLE = YES;
				IPHONEOS_DEPLOYMENT_TARGET = 5.0;
				SDKROOT = iphoneos;
			};
			name = Debug;
		};
		257564FA14BBDCE300DA61E6 /* Release */ = {
			isa = XCBuildConfiguration;
			buildSettings = {
				ALWAYS_SEARCH_USER_PATHS = NO;
				ARCHS = "$(ARCHS_STANDARD_32_BIT)";
				CLANG_ENABLE_OBJC_ARC = YES;
				"CODE_SIGN_IDENTITY[sdk=iphoneos*]" = "iPhone Developer";
				COPY_PHASE_STRIP = YES;
				GCC_C_LANGUAGE_STANDARD = gnu99;
				GCC_VERSION = com.apple.compilers.llvm.clang.1_0;
				GCC_WARN_ABOUT_MISSING_PROTOTYPES = YES;
				GCC_WARN_ABOUT_RETURN_TYPE = YES;
				GCC_WARN_UNUSED_VARIABLE = YES;
				IPHONEOS_DEPLOYMENT_TARGET = 5.0;
				OTHER_CFLAGS = "-DNS_BLOCK_ASSERTIONS=1";
				SDKROOT = iphoneos;
				VALIDATE_PRODUCT = YES;
			};
			name = Release;
		};
		257564FC14BBDCE300DA61E6 /* Debug */ = {
			isa = XCBuildConfiguration;
			buildSettings = {
				GCC_PRECOMPILE_PREFIX_HEADER = YES;
				GCC_PREFIX_HEADER = "iPhoneCustomFont/iPhoneCustomFont-Prefix.pch";
				INFOPLIST_FILE = "iPhoneCustomFont/iPhoneCustomFont-Info.plist";
				PRODUCT_NAME = "$(TARGET_NAME)";
				WRAPPER_EXTENSION = app;
			};
			name = Debug;
		};
		257564FD14BBDCE300DA61E6 /* Release */ = {
			isa = XCBuildConfiguration;
			buildSettings = {
				GCC_PRECOMPILE_PREFIX_HEADER = YES;
				GCC_PREFIX_HEADER = "iPhoneCustomFont/iPhoneCustomFont-Prefix.pch";
				INFOPLIST_FILE = "iPhoneCustomFont/iPhoneCustomFont-Info.plist";
				PRODUCT_NAME = "$(TARGET_NAME)";
				WRAPPER_EXTENSION = app;
			};
			name = Release;
		};
/* End XCBuildConfiguration section */

/* Begin XCConfigurationList section */
		257564D714BBDCE300DA61E6 /* Build configuration list for PBXProject "iPhoneCustomFont" */ = {
			isa = XCConfigurationList;
			buildConfigurations = (
				257564F914BBDCE300DA61E6 /* Debug */,
				257564FA14BBDCE300DA61E6 /* Release */,
			);
			defaultConfigurationIsVisible = 0;
			defaultConfigurationName = Release;
		};
		257564FB14BBDCE300DA61E6 /* Build configuration list for PBXNativeTarget "iPhoneCustomFont" */ = {
			isa = XCConfigurationList;
			buildConfigurations = (
				257564FC14BBDCE300DA61E6 /* Debug */,
				257564FD14BBDCE300DA61E6 /* Release */,
			);
			defaultConfigurationIsVisible = 0;
		};
/* End XCConfigurationList section */
	};
	rootObject = 257564D414BBDCE300DA61E6 /* Project object */;
}
